
Microsoft Visual Studio Solution File, Format Version 12.00
# Visual Studio 15
Project("{FAE04EC0-301F-11D3-BF4B-00C04F79EFBC}") = "Chapter6", "Assembly-CSharp.csproj", "{1C10A625-C3B4-5B16-8427-F73B595575E4}"
EndProject
Project("{FAE04EC0-301F-11D3-BF4B-00C04F79EFBC}") = "Chapter6", "Assembly-CSharp-Editor.csproj", "{81E44DD3-2301-35D8-F3A5-9DBA68E1C6C6}"
EndProject
Global
	GlobalSection(SolutionConfigurationPlatforms) = preSolution
		Debug|Any CPU = Debug|Any CPU
		Release|Any CPU = Release|Any CPU
	EndGlobalSection
	GlobalSection(ProjectConfigurationPlatforms) = postSolution
		{1C10A625-C3B4-5B16-8427-F73B595575E4}.Debug|Any CPU.ActiveCfg = Debug|Any CPU
		{1C10A625-C3B4-5B16-8427-F73B595575E4}.Debug|Any CPU.Build.0 = Debug|Any CPU
		{1C10A625-C3B4-5B16-8427-F73B595575E4}.Release|Any CPU.ActiveCfg = Release|Any CPU
		{1C10A625-C3B4-5B16-8427-F73B595575E4}.Release|Any CPU.Build.0 = Release|Any CPU
		{81E44DD3-2301-35D8-F3A5-9DBA68E1C6C6}.Debug|Any CPU.ActiveCfg = Debug|Any CPU
		{81E44DD3-2301-35D8-F3A5-9DBA68E1C6C6}.Debug|Any CPU.Build.0 = Debug|Any CPU
		{81E44DD3-2301-35D8-F3A5-9DBA68E1C6C6}.Release|Any CPU.ActiveCfg = Release|Any CPU
		{81E44DD3-2301-35D8-F3A5-9DBA68E1C6C6}.Release|Any CPU.Build.0 = Release|Any CPU
	EndGlobalSection
	GlobalSection(SolutionProperties) = preSolution
		HideSolutionNode = FALSE
	EndGlobalSection
EndGlobal
