
Microsoft Visual Studio Solution File, Format Version 12.00
# Visual Studio 2017
Project("{FAE04EC0-301F-11D3-BF4B-00C04F79EFBC}") = "ARToolKitIntro", "ARToolKitIntro.csproj", "{43E62BE2-96FE-0FAE-9AEB-024F5C399643}"
EndProject
Project("{FAE04EC0-301F-11D3-BF4B-00C04F79EFBC}") = "ARToolKitIntro.Editor", "ARToolKitIntro.Editor.csproj", "{B8700085-304C-8BF1-6970-3B01187A62B9}"
EndProject
Global
	GlobalSection(SolutionConfigurationPlatforms) = preSolution
		Debug|Any CPU = Debug|Any CPU
		Release|Any CPU = Release|Any CPU
	EndGlobalSection
	GlobalSection(ProjectConfigurationPlatforms) = postSolution
		{43E62BE2-96FE-0FAE-9AEB-024F5C399643}.Debug|Any CPU.ActiveCfg = Debug|Any CPU
		{43E62BE2-96FE-0FAE-9AEB-024F5C399643}.Debug|Any CPU.Build.0 = Debug|Any CPU
		{43E62BE2-96FE-0FAE-9AEB-024F5C399643}.Release|Any CPU.ActiveCfg = Release|Any CPU
		{43E62BE2-96FE-0FAE-9AEB-024F5C399643}.Release|Any CPU.Build.0 = Release|Any CPU
		{B8700085-304C-8BF1-6970-3B01187A62B9}.Debug|Any CPU.ActiveCfg = Debug|Any CPU
		{B8700085-304C-8BF1-6970-3B01187A62B9}.Debug|Any CPU.Build.0 = Debug|Any CPU
		{B8700085-304C-8BF1-6970-3B01187A62B9}.Release|Any CPU.ActiveCfg = Release|Any CPU
		{B8700085-304C-8BF1-6970-3B01187A62B9}.Release|Any CPU.Build.0 = Release|Any CPU
	EndGlobalSection
	GlobalSection(SolutionProperties) = preSolution
		HideSolutionNode = FALSE
	EndGlobalSection
EndGlobal
