
Microsoft Visual Studio Solution File, Format Version 12.00
# Visual Studio 15
Project("{FAE04EC0-301F-11D3-BF4B-00C04F79EFBC}") = "Snap", "Assembly-CSharp.csproj", "{44E26541-7815-8279-2EB4-017D962BF9AA}"
EndProject
Project("{FAE04EC0-301F-11D3-BF4B-00C04F79EFBC}") = "Snap", "Assembly-CSharp-Editor.csproj", "{E3739F51-59D0-4C33-D90B-2C78896B1533}"
EndProject
Global
	GlobalSection(SolutionConfigurationPlatforms) = preSolution
		Debug|Any CPU = Debug|Any CPU
		Release|Any CPU = Release|Any CPU
	EndGlobalSection
	GlobalSection(ProjectConfigurationPlatforms) = postSolution
		{44E26541-7815-8279-2EB4-017D962BF9AA}.Debug|Any CPU.ActiveCfg = Debug|Any CPU
		{44E26541-7815-8279-2EB4-017D962BF9AA}.Debug|Any CPU.Build.0 = Debug|Any CPU
		{44E26541-7815-8279-2EB4-017D962BF9AA}.Release|Any CPU.ActiveCfg = Release|Any CPU
		{44E26541-7815-8279-2EB4-017D962BF9AA}.Release|Any CPU.Build.0 = Release|Any CPU
		{E3739F51-59D0-4C33-D90B-2C78896B1533}.Debug|Any CPU.ActiveCfg = Debug|Any CPU
		{E3739F51-59D0-4C33-D90B-2C78896B1533}.Debug|Any CPU.Build.0 = Debug|Any CPU
		{E3739F51-59D0-4C33-D90B-2C78896B1533}.Release|Any CPU.ActiveCfg = Release|Any CPU
		{E3739F51-59D0-4C33-D90B-2C78896B1533}.Release|Any CPU.Build.0 = Release|Any CPU
	EndGlobalSection
	GlobalSection(SolutionProperties) = preSolution
		HideSolutionNode = FALSE
	EndGlobalSection
EndGlobal
